
Microsoft Visual Studio Solution File, Format Version 12.00
# Visual Studio Version 17
VisualStudioVersion = 17.7.34024.191
MinimumVisualStudioVersion = 10.0.40219.1
Project("{FAE04EC0-301F-11D3-BF4B-00C04F79EFBC}") = "AziendaEdile_MVC", "AziendaEdile_MVC\AziendaEdile_MVC.csproj", "{BB4D137F-A203-4D6D-96F1-C7FF76893DCE}"
EndProject
Global
	GlobalSection(SolutionConfigurationPlatforms) = preSolution
		Debug|Any CPU = Debug|Any CPU
		Release|Any CPU = Release|Any CPU
	EndGlobalSection
	GlobalSection(ProjectConfigurationPlatforms) = postSolution
		{BB4D137F-A203-4D6D-96F1-C7FF76893DCE}.Debug|Any CPU.ActiveCfg = Debug|Any CPU
		{BB4D137F-A203-4D6D-96F1-C7FF76893DCE}.Debug|Any CPU.Build.0 = Debug|Any CPU
		{BB4D137F-A203-4D6D-96F1-C7FF76893DCE}.Release|Any CPU.ActiveCfg = Release|Any CPU
		{BB4D137F-A203-4D6D-96F1-C7FF76893DCE}.Release|Any CPU.Build.0 = Release|Any CPU
	EndGlobalSection
	GlobalSection(SolutionProperties) = preSolution
		HideSolutionNode = FALSE
	EndGlobalSection
	GlobalSection(ExtensibilityGlobals) = postSolution
		SolutionGuid = {EF1C9767-CD77-4B96-87A1-1C4D52774869}
	EndGlobalSection
EndGlobal
